
Microsoft Visual Studio Solution File, Format Version 12.00
# Visual Studio Version 17
VisualStudioVersion = 17.6.33829.357
MinimumVisualStudioVersion = 10.0.40219.1
Project("{FAE04EC0-301F-11D3-BF4B-00C04F79EFBC}") = "WebApp", "WebApp\WebApp.csproj", "{208A82F6-E736-4C4F-BB66-6A2C98DB143D}"
EndProject
Global
	GlobalSection(SolutionConfigurationPlatforms) = preSolution
		Debug|Any CPU = Debug|Any CPU
		Release|Any CPU = Release|Any CPU
	EndGlobalSection
	GlobalSection(ProjectConfigurationPlatforms) = postSolution
		{208A82F6-E736-4C4F-BB66-6A2C98DB143D}.Debug|Any CPU.ActiveCfg = Debug|Any CPU
		{208A82F6-E736-4C4F-BB66-6A2C98DB143D}.Debug|Any CPU.Build.0 = Debug|Any CPU
		{208A82F6-E736-4C4F-BB66-6A2C98DB143D}.Release|Any CPU.ActiveCfg = Release|Any CPU
		{208A82F6-E736-4C4F-BB66-6A2C98DB143D}.Release|Any CPU.Build.0 = Release|Any CPU
	EndGlobalSection
	GlobalSection(SolutionProperties) = preSolution
		HideSolutionNode = FALSE
	EndGlobalSection
	GlobalSection(ExtensibilityGlobals) = postSolution
		SolutionGuid = {6C0D411B-77A2-4404-8AF4-C49A035C7490}
	EndGlobalSection
EndGlobal
